
Microsoft Visual Studio Solution File, Format Version 12.00
# Visual Studio Version 17
VisualStudioVersion = 17.10.34916.146
MinimumVisualStudioVersion = 10.0.40219.1
Project("{FAE04EC0-301F-11D3-BF4B-00C04F79EFBC}") = "AppForm", "AppForm\AppForm.csproj", "{9DD56C09-CBCE-4F95-809F-80D0DD07F5CB}"
EndProject
Global
	GlobalSection(SolutionConfigurationPlatforms) = preSolution
		Debug|Any CPU = Debug|Any CPU
		Release|Any CPU = Release|Any CPU
	EndGlobalSection
	GlobalSection(ProjectConfigurationPlatforms) = postSolution
		{9DD56C09-CBCE-4F95-809F-80D0DD07F5CB}.Debug|Any CPU.ActiveCfg = Debug|Any CPU
		{9DD56C09-CBCE-4F95-809F-80D0DD07F5CB}.Debug|Any CPU.Build.0 = Debug|Any CPU
		{9DD56C09-CBCE-4F95-809F-80D0DD07F5CB}.Release|Any CPU.ActiveCfg = Release|Any CPU
		{9DD56C09-CBCE-4F95-809F-80D0DD07F5CB}.Release|Any CPU.Build.0 = Release|Any CPU
	EndGlobalSection
	GlobalSection(SolutionProperties) = preSolution
		HideSolutionNode = FALSE
	EndGlobalSection
	GlobalSection(ExtensibilityGlobals) = postSolution
		SolutionGuid = {F8E15F4F-54EC-4D6B-9B12-E53BFED4DD7E}
	EndGlobalSection
EndGlobal
